// !$*UTF8*$!
{
	archiveVersion = 1;
	classes = {
	};
	objectVersion = 46;
	objects = {

/* Begin PBXBuildFile section */
		02097D0A1A1A907200549255 /* SCNewPostViewController.swift in Sources */ = {isa = PBXBuildFile; fileRef = 02097D091A1A907200549255 /* SCNewPostViewController.swift */; };
		02097D0C1A1A908700549255 /* SCRegistrationViewController.swift in Sources */ = {isa = PBXBuildFile; fileRef = 02097D0B1A1A908700549255 /* SCRegistrationViewController.swift */; };
		025C269E1A04113800F8EFF9 /* SCPostingTableViewDatasource.swift in Sources */ = {isa = PBXBuildFile; fileRef = 025C269D1A04113800F8EFF9 /* SCPostingTableViewDatasource.swift */; };
		025C26A01A041A2000F8EFF9 /* SCPostingTableViewController.swift in Sources */ = {isa = PBXBuildFile; fileRef = 025C269F1A041A2000F8EFF9 /* SCPostingTableViewController.swift */; };
		02A82C1A19FFFA09005BC021 /* SCPostingTableViewCell.swift in Sources */ = {isa = PBXBuildFile; fileRef = 02A82C1819FFFA09005BC021 /* SCPostingTableViewCell.swift */; };
		02A82C1B19FFFA09005BC021 /* SCPostingTableViewCell.xib in Resources */ = {isa = PBXBuildFile; fileRef = 02A82C1919FFFA09005BC021 /* SCPostingTableViewCell.xib */; };
		02C224A91A06D4FC00D2C58C /* SCLoginViewController.swift in Sources */ = {isa = PBXBuildFile; fileRef = 02C224A81A06D4FC00D2C58C /* SCLoginViewController.swift */; };
		797E444B1A06EEDC0065702F /* SCAPI.swift in Sources */ = {isa = PBXBuildFile; fileRef = 8E41632E1A06EAD300BA57F8 /* SCAPI.swift */; };
		79B41F5A1A181EBF00B4ACC0 /* SCCreateUserRequest.swift in Sources */ = {isa = PBXBuildFile; fileRef = FC2D3A281A1816C500C8BD7B /* SCCreateUserRequest.swift */; };
		824D1CD31A086A260000C235 /* SCAPITests.swift in Sources */ = {isa = PBXBuildFile; fileRef = 824D1CD21A086A260000C235 /* SCAPITests.swift */; };
		8E41632C1A06E83900BA57F8 /* SCLoginRequest.swift in Sources */ = {isa = PBXBuildFile; fileRef = FC29E3281A06988D00F6C144 /* SCLoginRequest.swift */; };
		8E41632F1A06EAD300BA57F8 /* SCAPI.swift in Sources */ = {isa = PBXBuildFile; fileRef = 8E41632E1A06EAD300BA57F8 /* SCAPI.swift */; };
		8E4163301A06EBEA00BA57F8 /* SCCreatePostingRequest.swift in Sources */ = {isa = PBXBuildFile; fileRef = FC0EBD7B1A06BEE1007C2E1E /* SCCreatePostingRequest.swift */; };
		FC0EBD6F1A06B68B007C2E1E /* SCRequestTests.swift in Sources */ = {isa = PBXBuildFile; fileRef = FC0EBD6E1A06B68B007C2E1E /* SCRequestTests.swift */; };
		FC0EBD701A06B6B3007C2E1E /* SCNetworkRequest.swift in Sources */ = {isa = PBXBuildFile; fileRef = FC5C3EF919F9581200AE2AAA /* SCNetworkRequest.swift */; };
		FC0EBD711A06B6B6007C2E1E /* SCNetworkMethod.swift in Sources */ = {isa = PBXBuildFile; fileRef = FCC6912F19FDCE450016771D /* SCNetworkMethod.swift */; };
		FC0EBD721A06B6B9007C2E1E /* SCAllPostingsRequest.swift in Sources */ = {isa = PBXBuildFile; fileRef = FCF1B4B119FB0CB900C38D83 /* SCAllPostingsRequest.swift */; };
		FC0EBD741A06B6BE007C2E1E /* post.all.json in Resources */ = {isa = PBXBuildFile; fileRef = FC470EBF1A01EC8700BBA103 /* post.all.json */; };
		FC0EBD751A06B6C1007C2E1E /* user.login.json in Resources */ = {isa = PBXBuildFile; fileRef = FC29E3261A0693EE00F6C144 /* user.login.json */; };
		FC0EBD761A06B6E0007C2E1E /* SCPosting.swift in Sources */ = {isa = PBXBuildFile; fileRef = FC5C3EEE19F947C500AE2AAA /* SCPosting.swift */; };
		FC0EBD771A06B6E2007C2E1E /* SCUser.swift in Sources */ = {isa = PBXBuildFile; fileRef = FC29C28519FD72E500BF99BB /* SCUser.swift */; };
		FC0EBD781A06B6E5007C2E1E /* SCCategory.swift in Sources */ = {isa = PBXBuildFile; fileRef = FC29C28719FD73C300BF99BB /* SCCategory.swift */; };
		FC0EBD791A06B6F7007C2E1E /* SCLocalNetworkStore.swift in Sources */ = {isa = PBXBuildFile; fileRef = FCB4A7AE19FFF79D00C2EAA3 /* SCLocalNetworkStore.swift */; };
		FC0EBD7A1A06B700007C2E1E /* SCNetworkStoreProtocol.swift in Sources */ = {isa = PBXBuildFile; fileRef = FCB4A7B019FFFA0200C2EAA3 /* SCNetworkStoreProtocol.swift */; };
		FC0EBD7C1A06BEE1007C2E1E /* SCCreatePostingRequest.swift in Sources */ = {isa = PBXBuildFile; fileRef = FC0EBD7B1A06BEE1007C2E1E /* SCCreatePostingRequest.swift */; };
		FC29C28619FD72E500BF99BB /* SCUser.swift in Sources */ = {isa = PBXBuildFile; fileRef = FC29C28519FD72E500BF99BB /* SCUser.swift */; };
		FC29C28819FD73C300BF99BB /* SCCategory.swift in Sources */ = {isa = PBXBuildFile; fileRef = FC29C28719FD73C300BF99BB /* SCCategory.swift */; };
		FC29E3271A0693EE00F6C144 /* user.login.json in Resources */ = {isa = PBXBuildFile; fileRef = FC29E3261A0693EE00F6C144 /* user.login.json */; };
		FC29E3291A06988D00F6C144 /* SCLoginRequest.swift in Sources */ = {isa = PBXBuildFile; fileRef = FC29E3281A06988D00F6C144 /* SCLoginRequest.swift */; };
		FC2D3A291A1816C500C8BD7B /* SCCreateUserRequest.swift in Sources */ = {isa = PBXBuildFile; fileRef = FC2D3A281A1816C500C8BD7B /* SCCreateUserRequest.swift */; };
		FC3C69961A0FED4500E20851 /* SCPostingStoreTest.swift in Sources */ = {isa = PBXBuildFile; fileRef = FC3C69951A0FED4500E20851 /* SCPostingStoreTest.swift */; };
		FC3C69971A0FEDBA00E20851 /* SCPostingStore.swift in Sources */ = {isa = PBXBuildFile; fileRef = FCC1700A1A0BE0B300868535 /* SCPostingStore.swift */; };
		FC3C699A1A0FEDEB00E20851 /* SCTestFactory.swift in Sources */ = {isa = PBXBuildFile; fileRef = FC3C69991A0FEDEB00E20851 /* SCTestFactory.swift */; };
		FC470EC11A01EC8700BBA103 /* post.all.json in Resources */ = {isa = PBXBuildFile; fileRef = FC470EBF1A01EC8700BBA103 /* post.all.json */; };
		FC5C3EEF19F947C500AE2AAA /* SCPosting.swift in Sources */ = {isa = PBXBuildFile; fileRef = FC5C3EEE19F947C500AE2AAA /* SCPosting.swift */; };
		FC5C3EF419F9487600AE2AAA /* SCDesignStore.swift in Sources */ = {isa = PBXBuildFile; fileRef = FC5C3EF319F9487600AE2AAA /* SCDesignStore.swift */; };
		FC5C3EFA19F9581200AE2AAA /* SCNetworkRequest.swift in Sources */ = {isa = PBXBuildFile; fileRef = FC5C3EF919F9581200AE2AAA /* SCNetworkRequest.swift */; };
		FC5C3EFC19F9587800AE2AAA /* SCNetworkStore.swift in Sources */ = {isa = PBXBuildFile; fileRef = FC5C3EFB19F9587800AE2AAA /* SCNetworkStore.swift */; };
		FC5FED4A1A101034004BD366 /* SCUserStore.swift in Sources */ = {isa = PBXBuildFile; fileRef = FC5FED491A101034004BD366 /* SCUserStore.swift */; };
		FC5FED4B1A101060004BD366 /* SCUserStore.swift in Sources */ = {isa = PBXBuildFile; fileRef = FC5FED491A101034004BD366 /* SCUserStore.swift */; };
		FC5FED4C1A10194A004BD366 /* SCNetworkStore.swift in Sources */ = {isa = PBXBuildFile; fileRef = FC5C3EFB19F9587800AE2AAA /* SCNetworkStore.swift */; };
		FC5FED4E1A101AC3004BD366 /* SCUserStoreTest.swift in Sources */ = {isa = PBXBuildFile; fileRef = FC5FED4D1A101AC3004BD366 /* SCUserStoreTest.swift */; };
		FCB4A7AF19FFF79D00C2EAA3 /* SCLocalNetworkStore.swift in Sources */ = {isa = PBXBuildFile; fileRef = FCB4A7AE19FFF79D00C2EAA3 /* SCLocalNetworkStore.swift */; };
		FCB4A7B119FFFA0200C2EAA3 /* SCNetworkStoreProtocol.swift in Sources */ = {isa = PBXBuildFile; fileRef = FCB4A7B019FFFA0200C2EAA3 /* SCNetworkStoreProtocol.swift */; };
		FCC1700B1A0BE0B300868535 /* SCPostingStore.swift in Sources */ = {isa = PBXBuildFile; fileRef = FCC1700A1A0BE0B300868535 /* SCPostingStore.swift */; };
		FCC6913019FDCE450016771D /* SCNetworkMethod.swift in Sources */ = {isa = PBXBuildFile; fileRef = FCC6912F19FDCE450016771D /* SCNetworkMethod.swift */; };
		FCF1B4B219FB0CB900C38D83 /* SCAllPostingsRequest.swift in Sources */ = {isa = PBXBuildFile; fileRef = FCF1B4B119FB0CB900C38D83 /* SCAllPostingsRequest.swift */; };
		FCF8204319F8B9850015E3A6 /* AppDelegate.swift in Sources */ = {isa = PBXBuildFile; fileRef = FCF8204219F8B9850015E3A6 /* AppDelegate.swift */; };
		FCF8204519F8B9850015E3A6 /* ViewController.swift in Sources */ = {isa = PBXBuildFile; fileRef = FCF8204419F8B9850015E3A6 /* ViewController.swift */; };
		FCF8204819F8B9850015E3A6 /* Main.storyboard in Resources */ = {isa = PBXBuildFile; fileRef = FCF8204619F8B9850015E3A6 /* Main.storyboard */; };
		FCF8204A19F8B9850015E3A6 /* Images.xcassets in Resources */ = {isa = PBXBuildFile; fileRef = FCF8204919F8B9850015E3A6 /* Images.xcassets */; };
		FCF8204D19F8B9850015E3A6 /* LaunchScreen.xib in Resources */ = {isa = PBXBuildFile; fileRef = FCF8204B19F8B9850015E3A6 /* LaunchScreen.xib */; };
/* End PBXBuildFile section */

/* Begin PBXContainerItemProxy section */
		FCF8205319F8B9850015E3A6 /* PBXContainerItemProxy */ = {
			isa = PBXContainerItemProxy;
			containerPortal = FCF8203519F8B9850015E3A6 /* Project object */;
			proxyType = 1;
			remoteGlobalIDString = FCF8203C19F8B9850015E3A6;
			remoteInfo = SchoolCraig;
		};
/* End PBXContainerItemProxy section */

/* Begin PBXFileReference section */
		02097D091A1A907200549255 /* SCNewPostViewController.swift */ = {isa = PBXFileReference; fileEncoding = 4; lastKnownFileType = sourcecode.swift; path = SCNewPostViewController.swift; sourceTree = "<group>"; };
		02097D0B1A1A908700549255 /* SCRegistrationViewController.swift */ = {isa = PBXFileReference; fileEncoding = 4; lastKnownFileType = sourcecode.swift; path = SCRegistrationViewController.swift; sourceTree = "<group>"; };
		025C269D1A04113800F8EFF9 /* SCPostingTableViewDatasource.swift */ = {isa = PBXFileReference; fileEncoding = 4; lastKnownFileType = sourcecode.swift; path = SCPostingTableViewDatasource.swift; sourceTree = "<group>"; };
		025C269F1A041A2000F8EFF9 /* SCPostingTableViewController.swift */ = {isa = PBXFileReference; fileEncoding = 4; lastKnownFileType = sourcecode.swift; path = SCPostingTableViewController.swift; sourceTree = "<group>"; };
		02A82C1819FFFA09005BC021 /* SCPostingTableViewCell.swift */ = {isa = PBXFileReference; fileEncoding = 4; lastKnownFileType = sourcecode.swift; path = SCPostingTableViewCell.swift; sourceTree = "<group>"; };
		02A82C1919FFFA09005BC021 /* SCPostingTableViewCell.xib */ = {isa = PBXFileReference; fileEncoding = 4; lastKnownFileType = file.xib; path = SCPostingTableViewCell.xib; sourceTree = "<group>"; };
		02C224A81A06D4FC00D2C58C /* SCLoginViewController.swift */ = {isa = PBXFileReference; fileEncoding = 4; lastKnownFileType = sourcecode.swift; path = SCLoginViewController.swift; sourceTree = "<group>"; };
		824D1CD21A086A260000C235 /* SCAPITests.swift */ = {isa = PBXFileReference; fileEncoding = 4; lastKnownFileType = sourcecode.swift; path = SCAPITests.swift; sourceTree = "<group>"; };
		8E41632E1A06EAD300BA57F8 /* SCAPI.swift */ = {isa = PBXFileReference; fileEncoding = 4; lastKnownFileType = sourcecode.swift; name = SCAPI.swift; path = API/SCAPI.swift; sourceTree = "<group>"; };
		FC0EBD6E1A06B68B007C2E1E /* SCRequestTests.swift */ = {isa = PBXFileReference; fileEncoding = 4; lastKnownFileType = sourcecode.swift; path = SCRequestTests.swift; sourceTree = "<group>"; };
		FC0EBD7B1A06BEE1007C2E1E /* SCCreatePostingRequest.swift */ = {isa = PBXFileReference; fileEncoding = 4; lastKnownFileType = sourcecode.swift; name = SCCreatePostingRequest.swift; path = API/SCCreatePostingRequest.swift; sourceTree = "<group>"; };
		FC29C28519FD72E500BF99BB /* SCUser.swift */ = {isa = PBXFileReference; fileEncoding = 4; lastKnownFileType = sourcecode.swift; name = SCUser.swift; path = Models/SCUser.swift; sourceTree = "<group>"; };
		FC29C28719FD73C300BF99BB /* SCCategory.swift */ = {isa = PBXFileReference; fileEncoding = 4; lastKnownFileType = sourcecode.swift; name = SCCategory.swift; path = Models/SCCategory.swift; sourceTree = "<group>"; };
		FC29E3261A0693EE00F6C144 /* user.login.json */ = {isa = PBXFileReference; fileEncoding = 4; lastKnownFileType = text.json; name = user.login.json; path = API/user.login.json; sourceTree = "<group>"; };
		FC29E3281A06988D00F6C144 /* SCLoginRequest.swift */ = {isa = PBXFileReference; fileEncoding = 4; lastKnownFileType = sourcecode.swift; name = SCLoginRequest.swift; path = API/SCLoginRequest.swift; sourceTree = "<group>"; };
		FC2D3A281A1816C500C8BD7B /* SCCreateUserRequest.swift */ = {isa = PBXFileReference; fileEncoding = 4; lastKnownFileType = sourcecode.swift; name = SCCreateUserRequest.swift; path = API/SCCreateUserRequest.swift; sourceTree = "<group>"; };
		FC3C69951A0FED4500E20851 /* SCPostingStoreTest.swift */ = {isa = PBXFileReference; fileEncoding = 4; lastKnownFileType = sourcecode.swift; path = SCPostingStoreTest.swift; sourceTree = "<group>"; };
		FC3C69991A0FEDEB00E20851 /* SCTestFactory.swift */ = {isa = PBXFileReference; fileEncoding = 4; lastKnownFileType = sourcecode.swift; path = SCTestFactory.swift; sourceTree = "<group>"; };
		FC470EBF1A01EC8700BBA103 /* post.all.json */ = {isa = PBXFileReference; fileEncoding = 4; lastKnownFileType = text.json; name = post.all.json; path = API/post.all.json; sourceTree = "<group>"; };
		FC5C3EEE19F947C500AE2AAA /* SCPosting.swift */ = {isa = PBXFileReference; fileEncoding = 4; lastKnownFileType = sourcecode.swift; name = SCPosting.swift; path = Models/SCPosting.swift; sourceTree = "<group>"; };
		FC5C3EF319F9487600AE2AAA /* SCDesignStore.swift */ = {isa = PBXFileReference; fileEncoding = 4; lastKnownFileType = sourcecode.swift; name = SCDesignStore.swift; path = Stores/SCDesignStore.swift; sourceTree = "<group>"; };
		FC5C3EF919F9581200AE2AAA /* SCNetworkRequest.swift */ = {isa = PBXFileReference; fileEncoding = 4; lastKnownFileType = sourcecode.swift; name = SCNetworkRequest.swift; path = API/SCNetworkRequest.swift; sourceTree = "<group>"; };
		FC5C3EFB19F9587800AE2AAA /* SCNetworkStore.swift */ = {isa = PBXFileReference; fileEncoding = 4; lastKnownFileType = sourcecode.swift; name = SCNetworkStore.swift; path = Stores/SCNetworkStore.swift; sourceTree = "<group>"; };
		FC5FED491A101034004BD366 /* SCUserStore.swift */ = {isa = PBXFileReference; fileEncoding = 4; lastKnownFileType = sourcecode.swift; name = SCUserStore.swift; path = Stores/SCUserStore.swift; sourceTree = "<group>"; };
		FC5FED4D1A101AC3004BD366 /* SCUserStoreTest.swift */ = {isa = PBXFileReference; fileEncoding = 4; lastKnownFileType = sourcecode.swift; path = SCUserStoreTest.swift; sourceTree = "<group>"; };
		FCB4A7AE19FFF79D00C2EAA3 /* SCLocalNetworkStore.swift */ = {isa = PBXFileReference; fileEncoding = 4; lastKnownFileType = sourcecode.swift; name = SCLocalNetworkStore.swift; path = Stores/SCLocalNetworkStore.swift; sourceTree = "<group>"; };
		FCB4A7B019FFFA0200C2EAA3 /* SCNetworkStoreProtocol.swift */ = {isa = PBXFileReference; fileEncoding = 4; lastKnownFileType = sourcecode.swift; name = SCNetworkStoreProtocol.swift; path = API/SCNetworkStoreProtocol.swift; sourceTree = "<group>"; };
		FCC1700A1A0BE0B300868535 /* SCPostingStore.swift */ = {isa = PBXFileReference; fileEncoding = 4; lastKnownFileType = sourcecode.swift; name = SCPostingStore.swift; path = Stores/SCPostingStore.swift; sourceTree = "<group>"; };
		FCC6912F19FDCE450016771D /* SCNetworkMethod.swift */ = {isa = PBXFileReference; fileEncoding = 4; lastKnownFileType = sourcecode.swift; name = SCNetworkMethod.swift; path = API/SCNetworkMethod.swift; sourceTree = "<group>"; };
		FCF1B4B119FB0CB900C38D83 /* SCAllPostingsRequest.swift */ = {isa = PBXFileReference; fileEncoding = 4; lastKnownFileType = sourcecode.swift; name = SCAllPostingsRequest.swift; path = API/SCAllPostingsRequest.swift; sourceTree = "<group>"; };
		FCF8203D19F8B9850015E3A6 /* SchoolCraig.app */ = {isa = PBXFileReference; explicitFileType = wrapper.application; includeInIndex = 0; path = SchoolCraig.app; sourceTree = BUILT_PRODUCTS_DIR; };
		FCF8204119F8B9850015E3A6 /* Info.plist */ = {isa = PBXFileReference; lastKnownFileType = text.plist.xml; path = Info.plist; sourceTree = "<group>"; };
		FCF8204219F8B9850015E3A6 /* AppDelegate.swift */ = {isa = PBXFileReference; lastKnownFileType = sourcecode.swift; path = AppDelegate.swift; sourceTree = "<group>"; };
		FCF8204419F8B9850015E3A6 /* ViewController.swift */ = {isa = PBXFileReference; lastKnownFileType = sourcecode.swift; path = ViewController.swift; sourceTree = "<group>"; };
		FCF8204719F8B9850015E3A6 /* Base */ = {isa = PBXFileReference; lastKnownFileType = file.storyboard; name = Base; path = Base.lproj/Main.storyboard; sourceTree = "<group>"; };
		FCF8204919F8B9850015E3A6 /* Images.xcassets */ = {isa = PBXFileReference; lastKnownFileType = folder.assetcatalog; path = Images.xcassets; sourceTree = "<group>"; };
		FCF8204C19F8B9850015E3A6 /* Base */ = {isa = PBXFileReference; lastKnownFileType = file.xib; name = Base; path = Base.lproj/LaunchScreen.xib; sourceTree = "<group>"; };
		FCF8205219F8B9850015E3A6 /* SchoolCraigTests.xctest */ = {isa = PBXFileReference; explicitFileType = wrapper.cfbundle; includeInIndex = 0; path = SchoolCraigTests.xctest; sourceTree = BUILT_PRODUCTS_DIR; };
		FCF8205719F8B9850015E3A6 /* Info.plist */ = {isa = PBXFileReference; lastKnownFileType = text.plist.xml; path = Info.plist; sourceTree = "<group>"; };
/* End PBXFileReference section */

/* Begin PBXFrameworksBuildPhase section */
		FCF8203A19F8B9850015E3A6 /* Frameworks */ = {
			isa = PBXFrameworksBuildPhase;
			buildActionMask = 2147483647;
			files = (
			);
			runOnlyForDeploymentPostprocessing = 0;
		};
		FCF8204F19F8B9850015E3A6 /* Frameworks */ = {
			isa = PBXFrameworksBuildPhase;
			buildActionMask = 2147483647;
			files = (
			);
			runOnlyForDeploymentPostprocessing = 0;
		};
/* End PBXFrameworksBuildPhase section */

/* Begin PBXGroup section */
		FC5C3EEB19F946B200AE2AAA /* Models */ = {
			isa = PBXGroup;
			children = (
				FC5C3EEE19F947C500AE2AAA /* SCPosting.swift */,
				FC29C28519FD72E500BF99BB /* SCUser.swift */,
				FC29C28719FD73C300BF99BB /* SCCategory.swift */,
				025C269D1A04113800F8EFF9 /* SCPostingTableViewDatasource.swift */,
			);
			name = Models;
			sourceTree = "<group>";
		};
		FC5C3EEC19F946BC00AE2AAA /* Views */ = {
			isa = PBXGroup;
			children = (
				02A82C1919FFFA09005BC021 /* SCPostingTableViewCell.xib */,
				02A82C1819FFFA09005BC021 /* SCPostingTableViewCell.swift */,
			);
			name = Views;
			sourceTree = "<group>";
		};
		FC5C3EED19F946C400AE2AAA /* Controllers */ = {
			isa = PBXGroup;
			children = (
				02C224A81A06D4FC00D2C58C /* SCLoginViewController.swift */,
				02097D091A1A907200549255 /* SCNewPostViewController.swift */,
				02097D0B1A1A908700549255 /* SCRegistrationViewController.swift */,
				025C269F1A041A2000F8EFF9 /* SCPostingTableViewController.swift */,
			);
			name = Controllers;
			sourceTree = "<group>";
		};
		FC5C3EF019F947D200AE2AAA /* API */ = {
			isa = PBXGroup;
			children = (
				8E41632E1A06EAD300BA57F8 /* SCAPI.swift */,
				FC5C3EF919F9581200AE2AAA /* SCNetworkRequest.swift */,
				FCC6912F19FDCE450016771D /* SCNetworkMethod.swift */,
				FC0EBD7B1A06BEE1007C2E1E /* SCCreatePostingRequest.swift */,
				FCF1B4B119FB0CB900C38D83 /* SCAllPostingsRequest.swift */,
				FC29E3281A06988D00F6C144 /* SCLoginRequest.swift */,
				FC2D3A281A1816C500C8BD7B /* SCCreateUserRequest.swift */,
				FC470EBF1A01EC8700BBA103 /* post.all.json */,
				FC29E3261A0693EE00F6C144 /* user.login.json */,
			);
			name = API;
			sourceTree = "<group>";
		};
		FC5C3EF219F9484B00AE2AAA /* Stores */ = {
			isa = PBXGroup;
			children = (
				FCB4A7B019FFFA0200C2EAA3 /* SCNetworkStoreProtocol.swift */,
				FC5C3EF319F9487600AE2AAA /* SCDesignStore.swift */,
				FC5C3EFB19F9587800AE2AAA /* SCNetworkStore.swift */,
				FCB4A7AE19FFF79D00C2EAA3 /* SCLocalNetworkStore.swift */,
				FCC1700A1A0BE0B300868535 /* SCPostingStore.swift */,
				FC5FED491A101034004BD366 /* SCUserStore.swift */,
			);
			name = Stores;
			sourceTree = "<group>";
		};
		FCF8203419F8B9850015E3A6 = {
			isa = PBXGroup;
			children = (
				FCF8203F19F8B9850015E3A6 /* SchoolCraig */,
				FCF8205519F8B9850015E3A6 /* SchoolCraigTests */,
				FCF8203E19F8B9850015E3A6 /* Products */,
			);
			sourceTree = "<group>";
		};
		FCF8203E19F8B9850015E3A6 /* Products */ = {
			isa = PBXGroup;
			children = (
				FCF8203D19F8B9850015E3A6 /* SchoolCraig.app */,
				FCF8205219F8B9850015E3A6 /* SchoolCraigTests.xctest */,
			);
			name = Products;
			sourceTree = "<group>";
		};
		FCF8203F19F8B9850015E3A6 /* SchoolCraig */ = {
			isa = PBXGroup;
			children = (
				FCF8204219F8B9850015E3A6 /* AppDelegate.swift */,
				FCF8204419F8B9850015E3A6 /* ViewController.swift */,
				FC5C3EF019F947D200AE2AAA /* API */,
				FC5C3EEB19F946B200AE2AAA /* Models */,
				FC5C3EEC19F946BC00AE2AAA /* Views */,
				FC5C3EF219F9484B00AE2AAA /* Stores */,
				FC5C3EED19F946C400AE2AAA /* Controllers */,
				FCF8204619F8B9850015E3A6 /* Main.storyboard */,
				FCF8204919F8B9850015E3A6 /* Images.xcassets */,
				FCF8204B19F8B9850015E3A6 /* LaunchScreen.xib */,
				FCF8204019F8B9850015E3A6 /* Supporting Files */,
			);
			path = SchoolCraig;
			sourceTree = "<group>";
		};
		FCF8204019F8B9850015E3A6 /* Supporting Files */ = {
			isa = PBXGroup;
			children = (
				FCF8204119F8B9850015E3A6 /* Info.plist */,
			);
			name = "Supporting Files";
			sourceTree = "<group>";
		};
		FCF8205519F8B9850015E3A6 /* SchoolCraigTests */ = {
			isa = PBXGroup;
			children = (
				FCF8205619F8B9850015E3A6 /* Supporting Files */,
				FC0EBD6E1A06B68B007C2E1E /* SCRequestTests.swift */,
				824D1CD21A086A260000C235 /* SCAPITests.swift */,
				FC3C69951A0FED4500E20851 /* SCPostingStoreTest.swift */,
				FC3C69991A0FEDEB00E20851 /* SCTestFactory.swift */,
				FC5FED4D1A101AC3004BD366 /* SCUserStoreTest.swift */,
			);
			path = SchoolCraigTests;
			sourceTree = "<group>";
		};
		FCF8205619F8B9850015E3A6 /* Supporting Files */ = {
			isa = PBXGroup;
			children = (
				FCF8205719F8B9850015E3A6 /* Info.plist */,
			);
			name = "Supporting Files";
			sourceTree = "<group>";
		};
/* End PBXGroup section */

/* Begin PBXNativeTarget section */
		FCF8203C19F8B9850015E3A6 /* SchoolCraig */ = {
			isa = PBXNativeTarget;
			buildConfigurationList = FCF8205C19F8B9850015E3A6 /* Build configuration list for PBXNativeTarget "SchoolCraig" */;
			buildPhases = (
				FCF8203919F8B9850015E3A6 /* Sources */,
				FCF8203A19F8B9850015E3A6 /* Frameworks */,
				FCF8203B19F8B9850015E3A6 /* Resources */,
			);
			buildRules = (
			);
			dependencies = (
			);
			name = SchoolCraig;
			productName = SchoolCraig;
			productReference = FCF8203D19F8B9850015E3A6 /* SchoolCraig.app */;
			productType = "com.apple.product-type.application";
		};
		FCF8205119F8B9850015E3A6 /* SchoolCraigTests */ = {
			isa = PBXNativeTarget;
			buildConfigurationList = FCF8205F19F8B9850015E3A6 /* Build configuration list for PBXNativeTarget "SchoolCraigTests" */;
			buildPhases = (
				FCF8204E19F8B9850015E3A6 /* Sources */,
				FCF8204F19F8B9850015E3A6 /* Frameworks */,
				FCF8205019F8B9850015E3A6 /* Resources */,
			);
			buildRules = (
			);
			dependencies = (
				FCF8205419F8B9850015E3A6 /* PBXTargetDependency */,
			);
			name = SchoolCraigTests;
			productName = SchoolCraigTests;
			productReference = FCF8205219F8B9850015E3A6 /* SchoolCraigTests.xctest */;
			productType = "com.apple.product-type.bundle.unit-test";
		};
/* End PBXNativeTarget section */

/* Begin PBXProject section */
		FCF8203519F8B9850015E3A6 /* Project object */ = {
			isa = PBXProject;
			attributes = {
				LastUpgradeCheck = 0600;
				ORGANIZATIONNAME = "Brendan McNamara";
				TargetAttributes = {
					FCF8203C19F8B9850015E3A6 = {
						CreatedOnToolsVersion = 6.0.1;
					};
					FCF8205119F8B9850015E3A6 = {
						CreatedOnToolsVersion = 6.0.1;
						TestTargetID = FCF8203C19F8B9850015E3A6;
					};
				};
			};
			buildConfigurationList = FCF8203819F8B9850015E3A6 /* Build configuration list for PBXProject "SchoolCraig" */;
			compatibilityVersion = "Xcode 3.2";
			developmentRegion = English;
			hasScannedForEncodings = 0;
			knownRegions = (
				en,
				Base,
			);
			mainGroup = FCF8203419F8B9850015E3A6;
			productRefGroup = FCF8203E19F8B9850015E3A6 /* Products */;
			projectDirPath = "";
			projectRoot = "";
			targets = (
				FCF8203C19F8B9850015E3A6 /* SchoolCraig */,
				FCF8205119F8B9850015E3A6 /* SchoolCraigTests */,
			);
		};
/* End PBXProject section */

/* Begin PBXResourcesBuildPhase section */
		FCF8203B19F8B9850015E3A6 /* Resources */ = {
			isa = PBXResourcesBuildPhase;
			buildActionMask = 2147483647;
			files = (
				FC29E3271A0693EE00F6C144 /* user.login.json in Resources */,
				02A82C1B19FFFA09005BC021 /* SCPostingTableViewCell.xib in Resources */,
				FCF8204819F8B9850015E3A6 /* Main.storyboard in Resources */,
				FCF8204D19F8B9850015E3A6 /* LaunchScreen.xib in Resources */,
				FCF8204A19F8B9850015E3A6 /* Images.xcassets in Resources */,
				FC470EC11A01EC8700BBA103 /* post.all.json in Resources */,
			);
			runOnlyForDeploymentPostprocessing = 0;
		};
		FCF8205019F8B9850015E3A6 /* Resources */ = {
			isa = PBXResourcesBuildPhase;
			buildActionMask = 2147483647;
			files = (
				FC0EBD741A06B6BE007C2E1E /* post.all.json in Resources */,
				FC0EBD751A06B6C1007C2E1E /* user.login.json in Resources */,
			);
			runOnlyForDeploymentPostprocessing = 0;
		};
/* End PBXResourcesBuildPhase section */

/* Begin PBXSourcesBuildPhase section */
		FCF8203919F8B9850015E3A6 /* Sources */ = {
			isa = PBXSourcesBuildPhase;
			buildActionMask = 2147483647;
			files = (
				FC5C3EFA19F9581200AE2AAA /* SCNetworkRequest.swift in Sources */,
				FCC6913019FDCE450016771D /* SCNetworkMethod.swift in Sources */,
				FCC1700B1A0BE0B300868535 /* SCPostingStore.swift in Sources */,
				02A82C1A19FFFA09005BC021 /* SCPostingTableViewCell.swift in Sources */,
				FC29C28819FD73C300BF99BB /* SCCategory.swift in Sources */,
				FCB4A7AF19FFF79D00C2EAA3 /* SCLocalNetworkStore.swift in Sources */,
				FCF1B4B219FB0CB900C38D83 /* SCAllPostingsRequest.swift in Sources */,
				FC5C3EEF19F947C500AE2AAA /* SCPosting.swift in Sources */,
				FC0EBD7C1A06BEE1007C2E1E /* SCCreatePostingRequest.swift in Sources */,
				FC5FED4A1A101034004BD366 /* SCUserStore.swift in Sources */,
				02097D0A1A1A907200549255 /* SCNewPostViewController.swift in Sources */,
				8E41632F1A06EAD300BA57F8 /* SCAPI.swift in Sources */,
				FCB4A7B119FFFA0200C2EAA3 /* SCNetworkStoreProtocol.swift in Sources */,
				FC2D3A291A1816C500C8BD7B /* SCCreateUserRequest.swift in Sources */,
				FC29E3291A06988D00F6C144 /* SCLoginRequest.swift in Sources */,
				025C26A01A041A2000F8EFF9 /* SCPostingTableViewController.swift in Sources */,
				FCF8204519F8B9850015E3A6 /* ViewController.swift in Sources */,
				02097D0C1A1A908700549255 /* SCRegistrationViewController.swift in Sources */,
				025C269E1A04113800F8EFF9 /* SCPostingTableViewDatasource.swift in Sources */,
				FC29C28619FD72E500BF99BB /* SCUser.swift in Sources */,
				FCF8204319F8B9850015E3A6 /* AppDelegate.swift in Sources */,
				FC5C3EFC19F9587800AE2AAA /* SCNetworkStore.swift in Sources */,
				02C224A91A06D4FC00D2C58C /* SCLoginViewController.swift in Sources */,
				FC5C3EF419F9487600AE2AAA /* SCDesignStore.swift in Sources */,
			);
			runOnlyForDeploymentPostprocessing = 0;
		};
		FCF8204E19F8B9850015E3A6 /* Sources */ = {
			isa = PBXSourcesBuildPhase;
			buildActionMask = 2147483647;
			files = (
				FC5FED4B1A101060004BD366 /* SCUserStore.swift in Sources */,
				FC5FED4C1A10194A004BD366 /* SCNetworkStore.swift in Sources */,
				FC5FED4E1A101AC3004BD366 /* SCUserStoreTest.swift in Sources */,
				FC0EBD791A06B6F7007C2E1E /* SCLocalNetworkStore.swift in Sources */,
				FC0EBD761A06B6E0007C2E1E /* SCPosting.swift in Sources */,
				8E4163301A06EBEA00BA57F8 /* SCCreatePostingRequest.swift in Sources */,
				FC0EBD781A06B6E5007C2E1E /* SCCategory.swift in Sources */,
				FC0EBD721A06B6B9007C2E1E /* SCAllPostingsRequest.swift in Sources */,
				FC0EBD711A06B6B6007C2E1E /* SCNetworkMethod.swift in Sources */,
				824D1CD31A086A260000C235 /* SCAPITests.swift in Sources */,
				FC0EBD771A06B6E2007C2E1E /* SCUser.swift in Sources */,
				FC3C69961A0FED4500E20851 /* SCPostingStoreTest.swift in Sources */,
				FC3C69971A0FEDBA00E20851 /* SCPostingStore.swift in Sources */,
				FC0EBD7A1A06B700007C2E1E /* SCNetworkStoreProtocol.swift in Sources */,
				79B41F5A1A181EBF00B4ACC0 /* SCCreateUserRequest.swift in Sources */,
				8E41632C1A06E83900BA57F8 /* SCLoginRequest.swift in Sources */,
				FC3C699A1A0FEDEB00E20851 /* SCTestFactory.swift in Sources */,
				FC0EBD6F1A06B68B007C2E1E /* SCRequestTests.swift in Sources */,
				797E444B1A06EEDC0065702F /* SCAPI.swift in Sources */,
				FC0EBD701A06B6B3007C2E1E /* SCNetworkRequest.swift in Sources */,
			);
			runOnlyForDeploymentPostprocessing = 0;
		};
/* End PBXSourcesBuildPhase section */

/* Begin PBXTargetDependency section */
		FCF8205419F8B9850015E3A6 /* PBXTargetDependency */ = {
			isa = PBXTargetDependency;
			target = FCF8203C19F8B9850015E3A6 /* SchoolCraig */;
			targetProxy = FCF8205319F8B9850015E3A6 /* PBXContainerItemProxy */;
		};
/* End PBXTargetDependency section */

/* Begin PBXVariantGroup section */
		FCF8204619F8B9850015E3A6 /* Main.storyboard */ = {
			isa = PBXVariantGroup;
			children = (
				FCF8204719F8B9850015E3A6 /* Base */,
			);
			name = Main.storyboard;
			sourceTree = "<group>";
		};
		FCF8204B19F8B9850015E3A6 /* LaunchScreen.xib */ = {
			isa = PBXVariantGroup;
			children = (
				FCF8204C19F8B9850015E3A6 /* Base */,
			);
			name = LaunchScreen.xib;
			sourceTree = "<group>";
		};
/* End PBXVariantGroup section */

/* Begin XCBuildConfiguration section */
		FCF8205A19F8B9850015E3A6 /* Debug */ = {
			isa = XCBuildConfiguration;
			buildSettings = {
				ALWAYS_SEARCH_USER_PATHS = NO;
				CLANG_CXX_LANGUAGE_STANDARD = "gnu++0x";
				CLANG_CXX_LIBRARY = "libc++";
				CLANG_ENABLE_MODULES = YES;
				CLANG_ENABLE_OBJC_ARC = YES;
				CLANG_WARN_BOOL_CONVERSION = YES;
				CLANG_WARN_CONSTANT_CONVERSION = YES;
				CLANG_WARN_DIRECT_OBJC_ISA_USAGE = YES_ERROR;
				CLANG_WARN_EMPTY_BODY = YES;
				CLANG_WARN_ENUM_CONVERSION = YES;
				CLANG_WARN_INT_CONVERSION = YES;
				CLANG_WARN_OBJC_ROOT_CLASS = YES_ERROR;
				CLANG_WARN_UNREACHABLE_CODE = YES;
				CLANG_WARN__DUPLICATE_METHOD_MATCH = YES;
				"CODE_SIGN_IDENTITY[sdk=iphoneos*]" = "iPhone Developer";
				COPY_PHASE_STRIP = NO;
				ENABLE_STRICT_OBJC_MSGSEND = YES;
				GCC_C_LANGUAGE_STANDARD = gnu99;
				GCC_DYNAMIC_NO_PIC = NO;
				GCC_OPTIMIZATION_LEVEL = 0;
				GCC_PREPROCESSOR_DEFINITIONS = (
					"DEBUG=1",
					"$(inherited)",
				);
				GCC_SYMBOLS_PRIVATE_EXTERN = NO;
				GCC_WARN_64_TO_32_BIT_CONVERSION = YES;
				GCC_WARN_ABOUT_RETURN_TYPE = YES_ERROR;
				GCC_WARN_UNDECLARED_SELECTOR = YES;
				GCC_WARN_UNINITIALIZED_AUTOS = YES_AGGRESSIVE;
				GCC_WARN_UNUSED_FUNCTION = YES;
				GCC_WARN_UNUSED_VARIABLE = YES;
				IPHONEOS_DEPLOYMENT_TARGET = 8.0;
				MTL_ENABLE_DEBUG_INFO = YES;
				ONLY_ACTIVE_ARCH = YES;
				SDKROOT = iphoneos;
				SWIFT_OPTIMIZATION_LEVEL = "-Onone";
			};
			name = Debug;
		};
		FCF8205B19F8B9850015E3A6 /* Release */ = {
			isa = XCBuildConfiguration;
			buildSettings = {
				ALWAYS_SEARCH_USER_PATHS = NO;
				CLANG_CXX_LANGUAGE_STANDARD = "gnu++0x";
				CLANG_CXX_LIBRARY = "libc++";
				CLANG_ENABLE_MODULES = YES;
				CLANG_ENABLE_OBJC_ARC = YES;
				CLANG_WARN_BOOL_CONVERSION = YES;
				CLANG_WARN_CONSTANT_CONVERSION = YES;
				CLANG_WARN_DIRECT_OBJC_ISA_USAGE = YES_ERROR;
				CLANG_WARN_EMPTY_BODY = YES;
				CLANG_WARN_ENUM_CONVERSION = YES;
				CLANG_WARN_INT_CONVERSION = YES;
				CLANG_WARN_OBJC_ROOT_CLASS = YES_ERROR;
				CLANG_WARN_UNREACHABLE_CODE = YES;
				CLANG_WARN__DUPLICATE_METHOD_MATCH = YES;
				"CODE_SIGN_IDENTITY[sdk=iphoneos*]" = "iPhone Developer";
				COPY_PHASE_STRIP = YES;
				ENABLE_NS_ASSERTIONS = NO;
				ENABLE_STRICT_OBJC_MSGSEND = YES;
				GCC_C_LANGUAGE_STANDARD = gnu99;
				GCC_WARN_64_TO_32_BIT_CONVERSION = YES;
				GCC_WARN_ABOUT_RETURN_TYPE = YES_ERROR;
				GCC_WARN_UNDECLARED_SELECTOR = YES;
				GCC_WARN_UNINITIALIZED_AUTOS = YES_AGGRESSIVE;
				GCC_WARN_UNUSED_FUNCTION = YES;
				GCC_WARN_UNUSED_VARIABLE = YES;
				IPHONEOS_DEPLOYMENT_TARGET = 8.0;
				MTL_ENABLE_DEBUG_INFO = NO;
				SDKROOT = iphoneos;
				VALIDATE_PRODUCT = YES;
			};
			name = Release;
		};
		FCF8205D19F8B9850015E3A6 /* Debug */ = {
			isa = XCBuildConfiguration;
			buildSettings = {
				ASSETCATALOG_COMPILER_APPICON_NAME = AppIcon;
				INFOPLIST_FILE = SchoolCraig/Info.plist;
				LD_RUNPATH_SEARCH_PATHS = "$(inherited) @executable_path/Frameworks";
				PRODUCT_NAME = "$(TARGET_NAME)";
			};
			name = Debug;
		};
		FCF8205E19F8B9850015E3A6 /* Release */ = {
			isa = XCBuildConfiguration;
			buildSettings = {
				ASSETCATALOG_COMPILER_APPICON_NAME = AppIcon;
				INFOPLIST_FILE = SchoolCraig/Info.plist;
				LD_RUNPATH_SEARCH_PATHS = "$(inherited) @executable_path/Frameworks";
				PRODUCT_NAME = "$(TARGET_NAME)";
			};
			name = Release;
		};
		FCF8206019F8B9850015E3A6 /* Debug */ = {
			isa = XCBuildConfiguration;
			buildSettings = {
				BUNDLE_LOADER = "$(TEST_HOST)";
				FRAMEWORK_SEARCH_PATHS = (
					"$(SDKROOT)/Developer/Library/Frameworks",
					"$(inherited)",
				);
				GCC_PREPROCESSOR_DEFINITIONS = (
					"DEBUG=1",
					"$(inherited)",
				);
				INFOPLIST_FILE = SchoolCraigTests/Info.plist;
				LD_RUNPATH_SEARCH_PATHS = "$(inherited) @executable_path/Frameworks @loader_path/Frameworks";
				PRODUCT_NAME = "$(TARGET_NAME)";
				TEST_HOST = "$(BUILT_PRODUCTS_DIR)/SchoolCraig.app/SchoolCraig";
			};
			name = Debug;
		};
		FCF8206119F8B9850015E3A6 /* Release */ = {
			isa = XCBuildConfiguration;
			buildSettings = {
				BUNDLE_LOADER = "$(TEST_HOST)";
				FRAMEWORK_SEARCH_PATHS = (
					"$(SDKROOT)/Developer/Library/Frameworks",
					"$(inherited)",
				);
				INFOPLIST_FILE = SchoolCraigTests/Info.plist;
				LD_RUNPATH_SEARCH_PATHS = "$(inherited) @executable_path/Frameworks @loader_path/Frameworks";
				PRODUCT_NAME = "$(TARGET_NAME)";
				TEST_HOST = "$(BUILT_PRODUCTS_DIR)/SchoolCraig.app/SchoolCraig";
			};
			name = Release;
		};
/* End XCBuildConfiguration section */

/* Begin XCConfigurationList section */
		FCF8203819F8B9850015E3A6 /* Build configuration list for PBXProject "SchoolCraig" */ = {
			isa = XCConfigurationList;
			buildConfigurations = (
				FCF8205A19F8B9850015E3A6 /* Debug */,
				FCF8205B19F8B9850015E3A6 /* Release */,
			);
			defaultConfigurationIsVisible = 0;
			defaultConfigurationName = Release;
		};
		FCF8205C19F8B9850015E3A6 /* Build configuration list for PBXNativeTarget "SchoolCraig" */ = {
			isa = XCConfigurationList;
			buildConfigurations = (
				FCF8205D19F8B9850015E3A6 /* Debug */,
				FCF8205E19F8B9850015E3A6 /* Release */,
			);
			defaultConfigurationIsVisible = 0;
			defaultConfigurationName = Release;
		};
		FCF8205F19F8B9850015E3A6 /* Build configuration list for PBXNativeTarget "SchoolCraigTests" */ = {
			isa = XCConfigurationList;
			buildConfigurations = (
				FCF8206019F8B9850015E3A6 /* Debug */,
				FCF8206119F8B9850015E3A6 /* Release */,
			);
			defaultConfigurationIsVisible = 0;
			defaultConfigurationName = Release;
		};
/* End XCConfigurationList section */
	};
	rootObject = FCF8203519F8B9850015E3A6 /* Project object */;
}
